
Microsoft Visual Studio Solution File, Format Version 12.00
# Visual Studio 15
VisualStudioVersion = 15.0.28010.2050
MinimumVisualStudioVersion = 10.0.40219.1
Project("{2150E333-8FDC-42A3-9474-1A3956D46DE8}") = "Solution Items", "Solution Items", "{56A700E8-4F24-4A2B-B041-C3A37513CBCA}"
	ProjectSection(SolutionItems) = preProject
		.gitattributes = .gitattributes
		.gitignore = .gitignore
		LICENSE = LICENSE
		README.md = README.md
	EndProjectSection
EndProject
Project("{2150E333-8FDC-42A3-9474-1A3956D46DE8}") = "src", "src", "{686BCE23-0EFD-46BF-9782-B03036A48E73}"
EndProject
Project("{2150E333-8FDC-42A3-9474-1A3956D46DE8}") = "test", "test", "{D192E878-F76B-4D3E-AE44-E24D47519F96}"
EndProject
Project("{9A19103F-16F7-4668-BE54-9A1E7A4F7556}") = "IEvangelist.Harness", "src\Harness\IEvangelist.Harness.csproj", "{7E2F7A1F-7990-4BC3-A54A-9CE4F375BE3B}"
EndProject
Project("{9A19103F-16F7-4668-BE54-9A1E7A4F7556}") = "IEvangelistDev.Harness.Test", "test\Harness.Test\IEvangelistDev.Harness.Test.csproj", "{0AF99061-6B51-4E9C-9A67-FBD6E0CC548E}"
EndProject
Global
	GlobalSection(SolutionConfigurationPlatforms) = preSolution
		Debug|Any CPU = Debug|Any CPU
		Release|Any CPU = Release|Any CPU
	EndGlobalSection
	GlobalSection(ProjectConfigurationPlatforms) = postSolution
		{7E2F7A1F-7990-4BC3-A54A-9CE4F375BE3B}.Debug|Any CPU.ActiveCfg = Debug|Any CPU
		{7E2F7A1F-7990-4BC3-A54A-9CE4F375BE3B}.Debug|Any CPU.Build.0 = Debug|Any CPU
		{7E2F7A1F-7990-4BC3-A54A-9CE4F375BE3B}.Release|Any CPU.ActiveCfg = Release|Any CPU
		{7E2F7A1F-7990-4BC3-A54A-9CE4F375BE3B}.Release|Any CPU.Build.0 = Release|Any CPU
		{0AF99061-6B51-4E9C-9A67-FBD6E0CC548E}.Debug|Any CPU.ActiveCfg = Debug|Any CPU
		{0AF99061-6B51-4E9C-9A67-FBD6E0CC548E}.Debug|Any CPU.Build.0 = Debug|Any CPU
		{0AF99061-6B51-4E9C-9A67-FBD6E0CC548E}.Release|Any CPU.ActiveCfg = Release|Any CPU
		{0AF99061-6B51-4E9C-9A67-FBD6E0CC548E}.Release|Any CPU.Build.0 = Release|Any CPU
	EndGlobalSection
	GlobalSection(SolutionProperties) = preSolution
		HideSolutionNode = FALSE
	EndGlobalSection
	GlobalSection(NestedProjects) = preSolution
		{7E2F7A1F-7990-4BC3-A54A-9CE4F375BE3B} = {686BCE23-0EFD-46BF-9782-B03036A48E73}
		{0AF99061-6B51-4E9C-9A67-FBD6E0CC548E} = {D192E878-F76B-4D3E-AE44-E24D47519F96}
	EndGlobalSection
	GlobalSection(ExtensibilityGlobals) = postSolution
		SolutionGuid = {B90D1CF0-DE7A-4A16-B237-6FE9FFCEC12D}
	EndGlobalSection
EndGlobal
